
Microsoft Visual Studio Solution File, Format Version 12.00
# Visual Studio Version 17
VisualStudioVersion = 17.12.35527.113 d17.12
MinimumVisualStudioVersion = 10.0.40219.1
Project("{F2A71F9B-5D33-465A-A702-920D77279786}") = "MatthewAzzopardiEpSolution", "MatthewAzzopardiEpSolution\MatthewAzzopardiEpSolution.fsproj", "{C63A65E1-44EF-4BD4-BC51-8247AFBF59A2}"
EndProject
Global
	GlobalSection(SolutionConfigurationPlatforms) = preSolution
		Debug|Any CPU = Debug|Any CPU
		Release|Any CPU = Release|Any CPU
	EndGlobalSection
	GlobalSection(ProjectConfigurationPlatforms) = postSolution
		{C63A65E1-44EF-4BD4-BC51-8247AFBF59A2}.Debug|Any CPU.ActiveCfg = Debug|Any CPU
		{C63A65E1-44EF-4BD4-BC51-8247AFBF59A2}.Debug|Any CPU.Build.0 = Debug|Any CPU
		{C63A65E1-44EF-4BD4-BC51-8247AFBF59A2}.Release|Any CPU.ActiveCfg = Release|Any CPU
		{C63A65E1-44EF-4BD4-BC51-8247AFBF59A2}.Release|Any CPU.Build.0 = Release|Any CPU
	EndGlobalSection
	GlobalSection(SolutionProperties) = preSolution
		HideSolutionNode = FALSE
	EndGlobalSection
EndGlobal
